// !$*UTF8*$!
{
	archiveVersion = 1;
	classes = {
	};
	objectVersion = 50;
	objects = {

/* Begin PBXBuildFile section */
		FF9809FF23B10BC100B92C6B /* SceneDelegate.swift in Sources */ = {isa = PBXBuildFile; fileRef = FF9809FE23B10BC100B92C6B /* SceneDelegate.swift */; };
		FF980A2123B20F9100B92C6B /* FeedViewController.swift in Sources */ = {isa = PBXBuildFile; fileRef = FF980A2023B20F9100B92C6B /* FeedViewController.swift */; };
		FF980A2323B20FA500B92C6B /* FeedViewController.storyboard in Resources */ = {isa = PBXBuildFile; fileRef = FF980A2223B20FA500B92C6B /* FeedViewController.storyboard */; };
		FFA841A623ABAD97002AC1A8 /* AppDelegate.swift in Sources */ = {isa = PBXBuildFile; fileRef = FFA841A523ABAD97002AC1A8 /* AppDelegate.swift */; };
		FFA841AF23ABAD9F002AC1A8 /* Assets.xcassets in Resources */ = {isa = PBXBuildFile; fileRef = FFA841AE23ABAD9F002AC1A8 /* Assets.xcassets */; };
		FFA841B223ABAD9F002AC1A8 /* LaunchScreen.storyboard in Resources */ = {isa = PBXBuildFile; fileRef = FFA841B023ABAD9F002AC1A8 /* LaunchScreen.storyboard */; };
		FFEE4BC523B0E5370027ECA3 /* VKSdkFramework.framework in Frameworks */ = {isa = PBXBuildFile; fileRef = FFEE4BC423B0E5370027ECA3 /* VKSdkFramework.framework */; };
		FFEE4BC623B0E5370027ECA3 /* VKSdkFramework.framework in Embed Frameworks */ = {isa = PBXBuildFile; fileRef = FFEE4BC423B0E5370027ECA3 /* VKSdkFramework.framework */; settings = {ATTRIBUTES = (CodeSignOnCopy, RemoveHeadersOnCopy, ); }; };
		FFEE4BCA23B0E9810027ECA3 /* AuthService.swift in Sources */ = {isa = PBXBuildFile; fileRef = FFEE4BC923B0E9810027ECA3 /* AuthService.swift */; };
		FFEE4BCD23B0EE820027ECA3 /* AuthViewController.swift in Sources */ = {isa = PBXBuildFile; fileRef = FFEE4BCC23B0EE820027ECA3 /* AuthViewController.swift */; };
		FFEE4BCF23B0EEC30027ECA3 /* AuthViewController.storyboard in Resources */ = {isa = PBXBuildFile; fileRef = FFEE4BCE23B0EEC30027ECA3 /* AuthViewController.storyboard */; };
/* End PBXBuildFile section */

/* Begin PBXCopyFilesBuildPhase section */
		FFEE4BC723B0E5370027ECA3 /* Embed Frameworks */ = {
			isa = PBXCopyFilesBuildPhase;
			buildActionMask = 2147483647;
			dstPath = "";
			dstSubfolderSpec = 10;
			files = (
				FFEE4BC623B0E5370027ECA3 /* VKSdkFramework.framework in Embed Frameworks */,
			);
			name = "Embed Frameworks";
			runOnlyForDeploymentPostprocessing = 0;
		};
/* End PBXCopyFilesBuildPhase section */

/* Begin PBXFileReference section */
		FF9809FE23B10BC100B92C6B /* SceneDelegate.swift */ = {isa = PBXFileReference; fileEncoding = 4; lastKnownFileType = sourcecode.swift; name = SceneDelegate.swift; path = VKNewsFeed/SceneDelegate.swift; sourceTree = SOURCE_ROOT; };
		FF980A2023B20F9100B92C6B /* FeedViewController.swift */ = {isa = PBXFileReference; lastKnownFileType = sourcecode.swift; path = FeedViewController.swift; sourceTree = "<group>"; };
		FF980A2223B20FA500B92C6B /* FeedViewController.storyboard */ = {isa = PBXFileReference; lastKnownFileType = file.storyboard; path = FeedViewController.storyboard; sourceTree = "<group>"; };
		FFA841A223ABAD97002AC1A8 /* VKNewsFeed.app */ = {isa = PBXFileReference; explicitFileType = wrapper.application; includeInIndex = 0; path = VKNewsFeed.app; sourceTree = BUILT_PRODUCTS_DIR; };
		FFA841A523ABAD97002AC1A8 /* AppDelegate.swift */ = {isa = PBXFileReference; lastKnownFileType = sourcecode.swift; path = AppDelegate.swift; sourceTree = "<group>"; };
		FFA841AE23ABAD9F002AC1A8 /* Assets.xcassets */ = {isa = PBXFileReference; lastKnownFileType = folder.assetcatalog; path = Assets.xcassets; sourceTree = "<group>"; };
		FFA841B123ABAD9F002AC1A8 /* Base */ = {isa = PBXFileReference; lastKnownFileType = file.storyboard; name = Base; path = Base.lproj/LaunchScreen.storyboard; sourceTree = "<group>"; };
		FFA841B323ABAD9F002AC1A8 /* Info.plist */ = {isa = PBXFileReference; lastKnownFileType = text.plist.xml; path = Info.plist; sourceTree = "<group>"; };
		FFEE4BC423B0E5370027ECA3 /* VKSdkFramework.framework */ = {isa = PBXFileReference; lastKnownFileType = wrapper.framework; name = VKSdkFramework.framework; path = Carthage/Build/iOS/VKSdkFramework.framework; sourceTree = "<group>"; };
		FFEE4BC923B0E9810027ECA3 /* AuthService.swift */ = {isa = PBXFileReference; lastKnownFileType = sourcecode.swift; path = AuthService.swift; sourceTree = "<group>"; };
		FFEE4BCC23B0EE820027ECA3 /* AuthViewController.swift */ = {isa = PBXFileReference; lastKnownFileType = sourcecode.swift; path = AuthViewController.swift; sourceTree = "<group>"; };
		FFEE4BCE23B0EEC30027ECA3 /* AuthViewController.storyboard */ = {isa = PBXFileReference; lastKnownFileType = file.storyboard; path = AuthViewController.storyboard; sourceTree = "<group>"; };
/* End PBXFileReference section */

/* Begin PBXFrameworksBuildPhase section */
		FFA8419F23ABAD97002AC1A8 /* Frameworks */ = {
			isa = PBXFrameworksBuildPhase;
			buildActionMask = 2147483647;
			files = (
				FFEE4BC523B0E5370027ECA3 /* VKSdkFramework.framework in Frameworks */,
			);
			runOnlyForDeploymentPostprocessing = 0;
		};
/* End PBXFrameworksBuildPhase section */

/* Begin PBXGroup section */
		FFA8419923ABAD97002AC1A8 = {
			isa = PBXGroup;
			children = (
				FFA841A423ABAD97002AC1A8 /* VKNewsFeed */,
				FFA841A323ABAD97002AC1A8 /* Products */,
				FFEE4BC323B0E5370027ECA3 /* Frameworks */,
			);
			sourceTree = "<group>";
		};
		FFA841A323ABAD97002AC1A8 /* Products */ = {
			isa = PBXGroup;
			children = (
				FFA841A223ABAD97002AC1A8 /* VKNewsFeed.app */,
			);
			name = Products;
			sourceTree = "<group>";
		};
		FFA841A423ABAD97002AC1A8 /* VKNewsFeed */ = {
			isa = PBXGroup;
			children = (
				FFEE4BD023B0EED20027ECA3 /* Auth */,
				FFA841A523ABAD97002AC1A8 /* AppDelegate.swift */,
				FF9809FE23B10BC100B92C6B /* SceneDelegate.swift */,
				FF980A2023B20F9100B92C6B /* FeedViewController.swift */,
				FF980A2223B20FA500B92C6B /* FeedViewController.storyboard */,
				FFEE4BCB23B0E9860027ECA3 /* Services */,
				FFA841AE23ABAD9F002AC1A8 /* Assets.xcassets */,
				FFA841B023ABAD9F002AC1A8 /* LaunchScreen.storyboard */,
				FFA841B323ABAD9F002AC1A8 /* Info.plist */,
			);
			path = VKNewsFeed;
			sourceTree = "<group>";
		};
		FFEE4BC323B0E5370027ECA3 /* Frameworks */ = {
			isa = PBXGroup;
			children = (
				FFEE4BC423B0E5370027ECA3 /* VKSdkFramework.framework */,
			);
			name = Frameworks;
			sourceTree = "<group>";
		};
		FFEE4BCB23B0E9860027ECA3 /* Services */ = {
			isa = PBXGroup;
			children = (
				FFEE4BC923B0E9810027ECA3 /* AuthService.swift */,
			);
			path = Services;
			sourceTree = "<group>";
		};
		FFEE4BD023B0EED20027ECA3 /* Auth */ = {
			isa = PBXGroup;
			children = (
				FFEE4BCE23B0EEC30027ECA3 /* AuthViewController.storyboard */,
				FFEE4BCC23B0EE820027ECA3 /* AuthViewController.swift */,
			);
			path = Auth;
			sourceTree = "<group>";
		};
/* End PBXGroup section */

/* Begin PBXNativeTarget section */
		FFA841A123ABAD97002AC1A8 /* VKNewsFeed */ = {
			isa = PBXNativeTarget;
			buildConfigurationList = FFA841B623ABAD9F002AC1A8 /* Build configuration list for PBXNativeTarget "VKNewsFeed" */;
			buildPhases = (
				FFA8419E23ABAD97002AC1A8 /* Sources */,
				FFA8419F23ABAD97002AC1A8 /* Frameworks */,
				FFA841A023ABAD97002AC1A8 /* Resources */,
				FFEE4BC723B0E5370027ECA3 /* Embed Frameworks */,
				FFEE4BC823B0E55A0027ECA3 /* ShellScript */,
			);
			buildRules = (
			);
			dependencies = (
			);
			name = VKNewsFeed;
			productName = VKNewsFeed;
			productReference = FFA841A223ABAD97002AC1A8 /* VKNewsFeed.app */;
			productType = "com.apple.product-type.application";
		};
/* End PBXNativeTarget section */

/* Begin PBXProject section */
		FFA8419A23ABAD97002AC1A8 /* Project object */ = {
			isa = PBXProject;
			attributes = {
				LastSwiftUpdateCheck = 1120;
				LastUpgradeCheck = 1120;
				ORGANIZATIONNAME = "Natalia Kazakova";
				TargetAttributes = {
					FFA841A123ABAD97002AC1A8 = {
						CreatedOnToolsVersion = 11.2;
					};
				};
			};
			buildConfigurationList = FFA8419D23ABAD97002AC1A8 /* Build configuration list for PBXProject "VKNewsFeed" */;
			compatibilityVersion = "Xcode 9.3";
			developmentRegion = en;
			hasScannedForEncodings = 0;
			knownRegions = (
				en,
				Base,
			);
			mainGroup = FFA8419923ABAD97002AC1A8;
			productRefGroup = FFA841A323ABAD97002AC1A8 /* Products */;
			projectDirPath = "";
			projectRoot = "";
			targets = (
				FFA841A123ABAD97002AC1A8 /* VKNewsFeed */,
			);
		};
/* End PBXProject section */

/* Begin PBXResourcesBuildPhase section */
		FFA841A023ABAD97002AC1A8 /* Resources */ = {
			isa = PBXResourcesBuildPhase;
			buildActionMask = 2147483647;
			files = (
				FFA841B223ABAD9F002AC1A8 /* LaunchScreen.storyboard in Resources */,
				FFEE4BCF23B0EEC30027ECA3 /* AuthViewController.storyboard in Resources */,
				FFA841AF23ABAD9F002AC1A8 /* Assets.xcassets in Resources */,
				FF980A2323B20FA500B92C6B /* FeedViewController.storyboard in Resources */,
			);
			runOnlyForDeploymentPostprocessing = 0;
		};
/* End PBXResourcesBuildPhase section */

/* Begin PBXShellScriptBuildPhase section */
		FFEE4BC823B0E55A0027ECA3 /* ShellScript */ = {
			isa = PBXShellScriptBuildPhase;
			buildActionMask = 2147483647;
			files = (
			);
			inputFileListPaths = (
			);
			inputPaths = (
				"$(SRCROOT)/Carthage/Build/iOS/VKSdkFramework.framework",
			);
			outputFileListPaths = (
			);
			outputPaths = (
			);
			runOnlyForDeploymentPostprocessing = 0;
			shellPath = /bin/sh;
			shellScript = "# Type a script or drag a script file from your workspace to insert its path.\n/usr/local/bin/carthage copy-frameworks\n";
		};
/* End PBXShellScriptBuildPhase section */

/* Begin PBXSourcesBuildPhase section */
		FFA8419E23ABAD97002AC1A8 /* Sources */ = {
			isa = PBXSourcesBuildPhase;
			buildActionMask = 2147483647;
			files = (
				FFEE4BCD23B0EE820027ECA3 /* AuthViewController.swift in Sources */,
				FFA841A623ABAD97002AC1A8 /* AppDelegate.swift in Sources */,
				FF980A2123B20F9100B92C6B /* FeedViewController.swift in Sources */,
				FFEE4BCA23B0E9810027ECA3 /* AuthService.swift in Sources */,
				FF9809FF23B10BC100B92C6B /* SceneDelegate.swift in Sources */,
			);
			runOnlyForDeploymentPostprocessing = 0;
		};
/* End PBXSourcesBuildPhase section */

/* Begin PBXVariantGroup section */
		FFA841B023ABAD9F002AC1A8 /* LaunchScreen.storyboard */ = {
			isa = PBXVariantGroup;
			children = (
				FFA841B123ABAD9F002AC1A8 /* Base */,
			);
			name = LaunchScreen.storyboard;
			sourceTree = "<group>";
		};
/* End PBXVariantGroup section */

/* Begin XCBuildConfiguration section */
		FFA841B423ABAD9F002AC1A8 /* Debug */ = {
			isa = XCBuildConfiguration;
			buildSettings = {
				ALWAYS_SEARCH_USER_PATHS = NO;
				CLANG_ANALYZER_NONNULL = YES;
				CLANG_ANALYZER_NUMBER_OBJECT_CONVERSION = YES_AGGRESSIVE;
				CLANG_CXX_LANGUAGE_STANDARD = "gnu++14";
				CLANG_CXX_LIBRARY = "libc++";
				CLANG_ENABLE_MODULES = YES;
				CLANG_ENABLE_OBJC_ARC = YES;
				CLANG_ENABLE_OBJC_WEAK = YES;
				CLANG_WARN_BLOCK_CAPTURE_AUTORELEASING = YES;
				CLANG_WARN_BOOL_CONVERSION = YES;
				CLANG_WARN_COMMA = YES;
				CLANG_WARN_CONSTANT_CONVERSION = YES;
				CLANG_WARN_DEPRECATED_OBJC_IMPLEMENTATIONS = YES;
				CLANG_WARN_DIRECT_OBJC_ISA_USAGE = YES_ERROR;
				CLANG_WARN_DOCUMENTATION_COMMENTS = YES;
				CLANG_WARN_EMPTY_BODY = YES;
				CLANG_WARN_ENUM_CONVERSION = YES;
				CLANG_WARN_INFINITE_RECURSION = YES;
				CLANG_WARN_INT_CONVERSION = YES;
				CLANG_WARN_NON_LITERAL_NULL_CONVERSION = YES;
				CLANG_WARN_OBJC_IMPLICIT_RETAIN_SELF = YES;
				CLANG_WARN_OBJC_LITERAL_CONVERSION = YES;
				CLANG_WARN_OBJC_ROOT_CLASS = YES_ERROR;
				CLANG_WARN_RANGE_LOOP_ANALYSIS = YES;
				CLANG_WARN_STRICT_PROTOTYPES = YES;
				CLANG_WARN_SUSPICIOUS_MOVE = YES;
				CLANG_WARN_UNGUARDED_AVAILABILITY = YES_AGGRESSIVE;
				CLANG_WARN_UNREACHABLE_CODE = YES;
				CLANG_WARN__DUPLICATE_METHOD_MATCH = YES;
				COPY_PHASE_STRIP = NO;
				DEBUG_INFORMATION_FORMAT = dwarf;
				ENABLE_STRICT_OBJC_MSGSEND = YES;
				ENABLE_TESTABILITY = YES;
				GCC_C_LANGUAGE_STANDARD = gnu11;
				GCC_DYNAMIC_NO_PIC = NO;
				GCC_NO_COMMON_BLOCKS = YES;
				GCC_OPTIMIZATION_LEVEL = 0;
				GCC_PREPROCESSOR_DEFINITIONS = (
					"DEBUG=1",
					"$(inherited)",
				);
				GCC_WARN_64_TO_32_BIT_CONVERSION = YES;
				GCC_WARN_ABOUT_RETURN_TYPE = YES_ERROR;
				GCC_WARN_UNDECLARED_SELECTOR = YES;
				GCC_WARN_UNINITIALIZED_AUTOS = YES_AGGRESSIVE;
				GCC_WARN_UNUSED_FUNCTION = YES;
				GCC_WARN_UNUSED_VARIABLE = YES;
				IPHONEOS_DEPLOYMENT_TARGET = 13.2;
				MTL_ENABLE_DEBUG_INFO = INCLUDE_SOURCE;
				MTL_FAST_MATH = YES;
				ONLY_ACTIVE_ARCH = YES;
				SDKROOT = iphoneos;
				SWIFT_ACTIVE_COMPILATION_CONDITIONS = DEBUG;
				SWIFT_OPTIMIZATION_LEVEL = "-Onone";
			};
			name = Debug;
		};
		FFA841B523ABAD9F002AC1A8 /* Release */ = {
			isa = XCBuildConfiguration;
			buildSettings = {
				ALWAYS_SEARCH_USER_PATHS = NO;
				CLANG_ANALYZER_NONNULL = YES;
				CLANG_ANALYZER_NUMBER_OBJECT_CONVERSION = YES_AGGRESSIVE;
				CLANG_CXX_LANGUAGE_STANDARD = "gnu++14";
				CLANG_CXX_LIBRARY = "libc++";
				CLANG_ENABLE_MODULES = YES;
				CLANG_ENABLE_OBJC_ARC = YES;
				CLANG_ENABLE_OBJC_WEAK = YES;
				CLANG_WARN_BLOCK_CAPTURE_AUTORELEASING = YES;
				CLANG_WARN_BOOL_CONVERSION = YES;
				CLANG_WARN_COMMA = YES;
				CLANG_WARN_CONSTANT_CONVERSION = YES;
				CLANG_WARN_DEPRECATED_OBJC_IMPLEMENTATIONS = YES;
				CLANG_WARN_DIRECT_OBJC_ISA_USAGE = YES_ERROR;
				CLANG_WARN_DOCUMENTATION_COMMENTS = YES;
				CLANG_WARN_EMPTY_BODY = YES;
				CLANG_WARN_ENUM_CONVERSION = YES;
				CLANG_WARN_INFINITE_RECURSION = YES;
				CLANG_WARN_INT_CONVERSION = YES;
				CLANG_WARN_NON_LITERAL_NULL_CONVERSION = YES;
				CLANG_WARN_OBJC_IMPLICIT_RETAIN_SELF = YES;
				CLANG_WARN_OBJC_LITERAL_CONVERSION = YES;
				CLANG_WARN_OBJC_ROOT_CLASS = YES_ERROR;
				CLANG_WARN_RANGE_LOOP_ANALYSIS = YES;
				CLANG_WARN_STRICT_PROTOTYPES = YES;
				CLANG_WARN_SUSPICIOUS_MOVE = YES;
				CLANG_WARN_UNGUARDED_AVAILABILITY = YES_AGGRESSIVE;
				CLANG_WARN_UNREACHABLE_CODE = YES;
				CLANG_WARN__DUPLICATE_METHOD_MATCH = YES;
				COPY_PHASE_STRIP = NO;
				DEBUG_INFORMATION_FORMAT = "dwarf-with-dsym";
				ENABLE_NS_ASSERTIONS = NO;
				ENABLE_STRICT_OBJC_MSGSEND = YES;
				GCC_C_LANGUAGE_STANDARD = gnu11;
				GCC_NO_COMMON_BLOCKS = YES;
				GCC_WARN_64_TO_32_BIT_CONVERSION = YES;
				GCC_WARN_ABOUT_RETURN_TYPE = YES_ERROR;
				GCC_WARN_UNDECLARED_SELECTOR = YES;
				GCC_WARN_UNINITIALIZED_AUTOS = YES_AGGRESSIVE;
				GCC_WARN_UNUSED_FUNCTION = YES;
				GCC_WARN_UNUSED_VARIABLE = YES;
				IPHONEOS_DEPLOYMENT_TARGET = 13.2;
				MTL_ENABLE_DEBUG_INFO = NO;
				MTL_FAST_MATH = YES;
				SDKROOT = iphoneos;
				SWIFT_COMPILATION_MODE = wholemodule;
				SWIFT_OPTIMIZATION_LEVEL = "-O";
				VALIDATE_PRODUCT = YES;
			};
			name = Release;
		};
		FFA841B723ABAD9F002AC1A8 /* Debug */ = {
			isa = XCBuildConfiguration;
			buildSettings = {
				ASSETCATALOG_COMPILER_APPICON_NAME = AppIcon;
				CODE_SIGN_STYLE = Automatic;
				DEVELOPMENT_TEAM = DLVL4AD94D;
				FRAMEWORK_SEARCH_PATHS = (
					"$(inherited)",
					"$(PROJECT_DIR)/Carthage/Build/iOS",
				);
				INFOPLIST_FILE = VKNewsFeed/Info.plist;
				IPHONEOS_DEPLOYMENT_TARGET = 13.2;
				LD_RUNPATH_SEARCH_PATHS = (
					"$(inherited)",
					"@executable_path/Frameworks",
				);
				PRODUCT_BUNDLE_IDENTIFIER = ru.kazakovanet.VKNewsFeed;
				PRODUCT_NAME = "$(TARGET_NAME)";
				SWIFT_VERSION = 5.0;
				TARGETED_DEVICE_FAMILY = "1,2";
			};
			name = Debug;
		};
		FFA841B823ABAD9F002AC1A8 /* Release */ = {
			isa = XCBuildConfiguration;
			buildSettings = {
				ASSETCATALOG_COMPILER_APPICON_NAME = AppIcon;
				CODE_SIGN_STYLE = Automatic;
				DEVELOPMENT_TEAM = DLVL4AD94D;
				FRAMEWORK_SEARCH_PATHS = (
					"$(inherited)",
					"$(PROJECT_DIR)/Carthage/Build/iOS",
				);
				INFOPLIST_FILE = VKNewsFeed/Info.plist;
				IPHONEOS_DEPLOYMENT_TARGET = 13.2;
				LD_RUNPATH_SEARCH_PATHS = (
					"$(inherited)",
					"@executable_path/Frameworks",
				);
				PRODUCT_BUNDLE_IDENTIFIER = ru.kazakovanet.VKNewsFeed;
				PRODUCT_NAME = "$(TARGET_NAME)";
				SWIFT_VERSION = 5.0;
				TARGETED_DEVICE_FAMILY = "1,2";
			};
			name = Release;
		};
/* End XCBuildConfiguration section */

/* Begin XCConfigurationList section */
		FFA8419D23ABAD97002AC1A8 /* Build configuration list for PBXProject "VKNewsFeed" */ = {
			isa = XCConfigurationList;
			buildConfigurations = (
				FFA841B423ABAD9F002AC1A8 /* Debug */,
				FFA841B523ABAD9F002AC1A8 /* Release */,
			);
			defaultConfigurationIsVisible = 0;
			defaultConfigurationName = Release;
		};
		FFA841B623ABAD9F002AC1A8 /* Build configuration list for PBXNativeTarget "VKNewsFeed" */ = {
			isa = XCConfigurationList;
			buildConfigurations = (
				FFA841B723ABAD9F002AC1A8 /* Debug */,
				FFA841B823ABAD9F002AC1A8 /* Release */,
			);
			defaultConfigurationIsVisible = 0;
			defaultConfigurationName = Release;
		};
/* End XCConfigurationList section */
	};
	rootObject = FFA8419A23ABAD97002AC1A8 /* Project object */;
}
